
Microsoft Visual Studio Solution File, Format Version 12.00
# Visual Studio 15
VisualStudioVersion = 15.0.28307.271
MinimumVisualStudioVersion = 10.0.40219.1
Project("{888888A0-9F3D-457C-B088-3A5042F75D52}") = "myPythonTest", "myPythonTest\myPythonTest.pyproj", "{100BD95A-6F3D-4FD7-A277-C0C0A4A11605}"
EndProject
Global
	GlobalSection(SolutionConfigurationPlatforms) = preSolution
		Debug|Any CPU = Debug|Any CPU
		Release|Any CPU = Release|Any CPU
	EndGlobalSection
	GlobalSection(ProjectConfigurationPlatforms) = postSolution
		{100BD95A-6F3D-4FD7-A277-C0C0A4A11605}.Debug|Any CPU.ActiveCfg = Debug|Any CPU
		{100BD95A-6F3D-4FD7-A277-C0C0A4A11605}.Release|Any CPU.ActiveCfg = Release|Any CPU
	EndGlobalSection
	GlobalSection(SolutionProperties) = preSolution
		HideSolutionNode = FALSE
	EndGlobalSection
	GlobalSection(ExtensibilityGlobals) = postSolution
		SolutionGuid = {5AD79A2E-0EA5-4072-B27C-F3D7DF20B8C7}
	EndGlobalSection
EndGlobal
